
Microsoft Visual Studio Solution File, Format Version 12.00
# Visual Studio 2012
Project("{FAE04EC0-301F-11D3-BF4B-00C04F79EFBC}") = "ContentManagerV1", "ContentManagerV1\ContentManagerV1.csproj", "{C2791C5B-CCA6-4712-91AF-1E98BB48A26A}"
EndProject
Project("{FAE04EC0-301F-11D3-BF4B-00C04F79EFBC}") = "ObjectStoreViewer", "ObjectStoreViewer\ObjectStoreViewer.csproj", "{5C72D583-5CD5-4A1E-BA1C-54A1D73603D7}"
EndProject
Project("{FAE04EC0-301F-11D3-BF4B-00C04F79EFBC}") = "MpvUtilities", "MpvUtilities\MpvUtilities.csproj", "{92D45275-0E7E-4FFE-BED5-919EC987315D}"
EndProject
Project("{FAE04EC0-301F-11D3-BF4B-00C04F79EFBC}") = "CreateListOfHashedFiles", "CreateListOfHashedFiles\CreateListOfHashedFiles.csproj", "{F7C619FC-462A-4E3E-BBEB-69BB0CE341AE}"
EndProject
Project("{FAE04EC0-301F-11D3-BF4B-00C04F79EFBC}") = "MoveXmlFilesToXmlDir", "MoveXmlFilesToXmlDir\MoveXmlFilesToXmlDir.csproj", "{F40EEEE2-F41D-4793-BE98-89D00B4D0C92}"
EndProject
Project("{FAE04EC0-301F-11D3-BF4B-00C04F79EFBC}") = "CopyFiles", "CopyFiles\CopyFiles.csproj", "{B40B780B-FE69-44D5-A842-3E70DCF2D83E}"
EndProject
Project("{FAE04EC0-301F-11D3-BF4B-00C04F79EFBC}") = "ContentManagerCore", "ContentManagerCore\ContentManagerCore.csproj", "{0B5A8B6F-D068-4846-A942-C86A8A41CE8F}"
EndProject
Project("{FAE04EC0-301F-11D3-BF4B-00C04F79EFBC}") = "AddFilesizeToXml", "AddFilesizeToXml\AddFilesizeToXml.csproj", "{68E2038D-380C-44BF-BCE7-C0BAC9AD75F6}"
EndProject
Project("{FAE04EC0-301F-11D3-BF4B-00C04F79EFBC}") = "ObjectFileListWithSearch", "ObjectFileListWithSearch\ObjectFileListWithSearch.csproj", "{2043896C-A5F4-4512-8627-737081312C69}"
EndProject
Project("{FAE04EC0-301F-11D3-BF4B-00C04F79EFBC}") = "DepotViewer", "DepotViewer\DepotViewer.csproj", "{336807FA-A463-47E7-B55E-F3FDAD86D3F9}"
EndProject
Project("{FAE04EC0-301F-11D3-BF4B-00C04F79EFBC}") = "MoveFileInfoXml", "MoveFileInfoXml\MoveFileInfoXml.csproj", "{B67595E8-4272-46FC-8708-BA54DF3F891A}"
EndProject
Project("{FAE04EC0-301F-11D3-BF4B-00C04F79EFBC}") = "MoveFiles", "MoveFiles\MoveFiles.csproj", "{A140BDCE-4005-4EC3-B8E4-830C4A9E7CB7}"
EndProject
Project("{2150E333-8FDC-42A3-9474-1A3956D46DE8}") = "Solution Items", "Solution Items", "{7F40B701-24BF-471F-B687-342722347484}"
	ProjectSection(SolutionItems) = preProject
		notes.txt = notes.txt
	EndProjectSection
EndProject
Project("{FAE04EC0-301F-11D3-BF4B-00C04F79EFBC}") = "ListExtensionsAndFiles", "ListExtensionsAndFiles\ListExtensionsAndFiles.csproj", "{E9F9864C-C2B4-4C6B-AB55-D0F501E645AC}"
EndProject
Project("{FAE04EC0-301F-11D3-BF4B-00C04F79EFBC}") = "ExtractFilesFromList", "ExtractFilesFromList\ExtractFilesFromList.csproj", "{59A416FE-D25B-4F5E-85B2-84BB13C118E4}"
EndProject
Global
	GlobalSection(SolutionConfigurationPlatforms) = preSolution
		Debug|Any CPU = Debug|Any CPU
		Release|Any CPU = Release|Any CPU
	EndGlobalSection
	GlobalSection(ProjectConfigurationPlatforms) = postSolution
		{C2791C5B-CCA6-4712-91AF-1E98BB48A26A}.Debug|Any CPU.ActiveCfg = Debug|Any CPU
		{C2791C5B-CCA6-4712-91AF-1E98BB48A26A}.Debug|Any CPU.Build.0 = Debug|Any CPU
		{C2791C5B-CCA6-4712-91AF-1E98BB48A26A}.Release|Any CPU.ActiveCfg = Release|Any CPU
		{C2791C5B-CCA6-4712-91AF-1E98BB48A26A}.Release|Any CPU.Build.0 = Release|Any CPU
		{5C72D583-5CD5-4A1E-BA1C-54A1D73603D7}.Debug|Any CPU.ActiveCfg = Debug|Any CPU
		{5C72D583-5CD5-4A1E-BA1C-54A1D73603D7}.Debug|Any CPU.Build.0 = Debug|Any CPU
		{5C72D583-5CD5-4A1E-BA1C-54A1D73603D7}.Release|Any CPU.ActiveCfg = Release|Any CPU
		{5C72D583-5CD5-4A1E-BA1C-54A1D73603D7}.Release|Any CPU.Build.0 = Release|Any CPU
		{92D45275-0E7E-4FFE-BED5-919EC987315D}.Debug|Any CPU.ActiveCfg = Debug|Any CPU
		{92D45275-0E7E-4FFE-BED5-919EC987315D}.Debug|Any CPU.Build.0 = Debug|Any CPU
		{92D45275-0E7E-4FFE-BED5-919EC987315D}.Release|Any CPU.ActiveCfg = Release|Any CPU
		{92D45275-0E7E-4FFE-BED5-919EC987315D}.Release|Any CPU.Build.0 = Release|Any CPU
		{F7C619FC-462A-4E3E-BBEB-69BB0CE341AE}.Debug|Any CPU.ActiveCfg = Debug|Any CPU
		{F7C619FC-462A-4E3E-BBEB-69BB0CE341AE}.Debug|Any CPU.Build.0 = Debug|Any CPU
		{F7C619FC-462A-4E3E-BBEB-69BB0CE341AE}.Release|Any CPU.ActiveCfg = Release|Any CPU
		{F7C619FC-462A-4E3E-BBEB-69BB0CE341AE}.Release|Any CPU.Build.0 = Release|Any CPU
		{F40EEEE2-F41D-4793-BE98-89D00B4D0C92}.Debug|Any CPU.ActiveCfg = Debug|Any CPU
		{F40EEEE2-F41D-4793-BE98-89D00B4D0C92}.Debug|Any CPU.Build.0 = Debug|Any CPU
		{F40EEEE2-F41D-4793-BE98-89D00B4D0C92}.Release|Any CPU.ActiveCfg = Release|Any CPU
		{F40EEEE2-F41D-4793-BE98-89D00B4D0C92}.Release|Any CPU.Build.0 = Release|Any CPU
		{B40B780B-FE69-44D5-A842-3E70DCF2D83E}.Debug|Any CPU.ActiveCfg = Debug|Any CPU
		{B40B780B-FE69-44D5-A842-3E70DCF2D83E}.Debug|Any CPU.Build.0 = Debug|Any CPU
		{B40B780B-FE69-44D5-A842-3E70DCF2D83E}.Release|Any CPU.ActiveCfg = Release|Any CPU
		{B40B780B-FE69-44D5-A842-3E70DCF2D83E}.Release|Any CPU.Build.0 = Release|Any CPU
		{0B5A8B6F-D068-4846-A942-C86A8A41CE8F}.Debug|Any CPU.ActiveCfg = Debug|Any CPU
		{0B5A8B6F-D068-4846-A942-C86A8A41CE8F}.Debug|Any CPU.Build.0 = Debug|Any CPU
		{0B5A8B6F-D068-4846-A942-C86A8A41CE8F}.Release|Any CPU.ActiveCfg = Release|Any CPU
		{0B5A8B6F-D068-4846-A942-C86A8A41CE8F}.Release|Any CPU.Build.0 = Release|Any CPU
		{68E2038D-380C-44BF-BCE7-C0BAC9AD75F6}.Debug|Any CPU.ActiveCfg = Debug|Any CPU
		{68E2038D-380C-44BF-BCE7-C0BAC9AD75F6}.Debug|Any CPU.Build.0 = Debug|Any CPU
		{68E2038D-380C-44BF-BCE7-C0BAC9AD75F6}.Release|Any CPU.ActiveCfg = Release|Any CPU
		{68E2038D-380C-44BF-BCE7-C0BAC9AD75F6}.Release|Any CPU.Build.0 = Release|Any CPU
		{2043896C-A5F4-4512-8627-737081312C69}.Debug|Any CPU.ActiveCfg = Debug|Any CPU
		{2043896C-A5F4-4512-8627-737081312C69}.Debug|Any CPU.Build.0 = Debug|Any CPU
		{2043896C-A5F4-4512-8627-737081312C69}.Release|Any CPU.ActiveCfg = Release|Any CPU
		{2043896C-A5F4-4512-8627-737081312C69}.Release|Any CPU.Build.0 = Release|Any CPU
		{336807FA-A463-47E7-B55E-F3FDAD86D3F9}.Debug|Any CPU.ActiveCfg = Debug|Any CPU
		{336807FA-A463-47E7-B55E-F3FDAD86D3F9}.Debug|Any CPU.Build.0 = Debug|Any CPU
		{336807FA-A463-47E7-B55E-F3FDAD86D3F9}.Release|Any CPU.ActiveCfg = Release|Any CPU
		{336807FA-A463-47E7-B55E-F3FDAD86D3F9}.Release|Any CPU.Build.0 = Release|Any CPU
		{B67595E8-4272-46FC-8708-BA54DF3F891A}.Debug|Any CPU.ActiveCfg = Debug|Any CPU
		{B67595E8-4272-46FC-8708-BA54DF3F891A}.Debug|Any CPU.Build.0 = Debug|Any CPU
		{B67595E8-4272-46FC-8708-BA54DF3F891A}.Release|Any CPU.ActiveCfg = Release|Any CPU
		{B67595E8-4272-46FC-8708-BA54DF3F891A}.Release|Any CPU.Build.0 = Release|Any CPU
		{A140BDCE-4005-4EC3-B8E4-830C4A9E7CB7}.Debug|Any CPU.ActiveCfg = Debug|Any CPU
		{A140BDCE-4005-4EC3-B8E4-830C4A9E7CB7}.Debug|Any CPU.Build.0 = Debug|Any CPU
		{A140BDCE-4005-4EC3-B8E4-830C4A9E7CB7}.Release|Any CPU.ActiveCfg = Release|Any CPU
		{A140BDCE-4005-4EC3-B8E4-830C4A9E7CB7}.Release|Any CPU.Build.0 = Release|Any CPU
		{E9F9864C-C2B4-4C6B-AB55-D0F501E645AC}.Debug|Any CPU.ActiveCfg = Debug|Any CPU
		{E9F9864C-C2B4-4C6B-AB55-D0F501E645AC}.Debug|Any CPU.Build.0 = Debug|Any CPU
		{E9F9864C-C2B4-4C6B-AB55-D0F501E645AC}.Release|Any CPU.ActiveCfg = Release|Any CPU
		{E9F9864C-C2B4-4C6B-AB55-D0F501E645AC}.Release|Any CPU.Build.0 = Release|Any CPU
		{59A416FE-D25B-4F5E-85B2-84BB13C118E4}.Debug|Any CPU.ActiveCfg = Debug|Any CPU
		{59A416FE-D25B-4F5E-85B2-84BB13C118E4}.Debug|Any CPU.Build.0 = Debug|Any CPU
		{59A416FE-D25B-4F5E-85B2-84BB13C118E4}.Release|Any CPU.ActiveCfg = Release|Any CPU
		{59A416FE-D25B-4F5E-85B2-84BB13C118E4}.Release|Any CPU.Build.0 = Release|Any CPU
	EndGlobalSection
	GlobalSection(SolutionProperties) = preSolution
		HideSolutionNode = FALSE
	EndGlobalSection
EndGlobal
